
Microsoft Visual Studio Solution File, Format Version 12.00
# Visual Studio 14
VisualStudioVersion = 14.0.25123.0
MinimumVisualStudioVersion = 10.0.40219.1
Project("{FAE04EC0-301F-11D3-BF4B-00C04F79EFBC}") = "Magisterka", "Magisterka\Magisterka.csproj", "{7D58921B-2A11-4779-B516-17BAF1C27C2B}"
EndProject
Project("{FAE04EC0-301F-11D3-BF4B-00C04F79EFBC}") = "MagisterkaTests", "MagisterkaTests\MagisterkaTests.csproj", "{3B269FFA-1B9D-4C83-9C56-BF67F3739A3F}"
EndProject
Project("{FAE04EC0-301F-11D3-BF4B-00C04F79EFBC}") = "Magisterka.Domain", "Magisterka.Domain\Magisterka.Domain.csproj", "{735A21DB-2FC5-476A-9AD5-22D430CC48F3}"
EndProject
Project("{FAE04EC0-301F-11D3-BF4B-00C04F79EFBC}") = "Magisterka.Infrastructure", "Magisterka.Infrastructure\Magisterka.Infrastructure.csproj", "{EB4A42D8-FBB6-4568-8ADD-B40B57C82327}"
EndProject
Global
	GlobalSection(SolutionConfigurationPlatforms) = preSolution
		Debug|Any CPU = Debug|Any CPU
		Release|Any CPU = Release|Any CPU
	EndGlobalSection
	GlobalSection(ProjectConfigurationPlatforms) = postSolution
		{7D58921B-2A11-4779-B516-17BAF1C27C2B}.Debug|Any CPU.ActiveCfg = Debug|Any CPU
		{7D58921B-2A11-4779-B516-17BAF1C27C2B}.Debug|Any CPU.Build.0 = Debug|Any CPU
		{7D58921B-2A11-4779-B516-17BAF1C27C2B}.Release|Any CPU.ActiveCfg = Release|Any CPU
		{7D58921B-2A11-4779-B516-17BAF1C27C2B}.Release|Any CPU.Build.0 = Release|Any CPU
		{3B269FFA-1B9D-4C83-9C56-BF67F3739A3F}.Debug|Any CPU.ActiveCfg = Debug|Any CPU
		{3B269FFA-1B9D-4C83-9C56-BF67F3739A3F}.Debug|Any CPU.Build.0 = Debug|Any CPU
		{3B269FFA-1B9D-4C83-9C56-BF67F3739A3F}.Release|Any CPU.ActiveCfg = Release|Any CPU
		{3B269FFA-1B9D-4C83-9C56-BF67F3739A3F}.Release|Any CPU.Build.0 = Release|Any CPU
		{735A21DB-2FC5-476A-9AD5-22D430CC48F3}.Debug|Any CPU.ActiveCfg = Debug|Any CPU
		{735A21DB-2FC5-476A-9AD5-22D430CC48F3}.Debug|Any CPU.Build.0 = Debug|Any CPU
		{735A21DB-2FC5-476A-9AD5-22D430CC48F3}.Release|Any CPU.ActiveCfg = Release|Any CPU
		{735A21DB-2FC5-476A-9AD5-22D430CC48F3}.Release|Any CPU.Build.0 = Release|Any CPU
		{EB4A42D8-FBB6-4568-8ADD-B40B57C82327}.Debug|Any CPU.ActiveCfg = Debug|Any CPU
		{EB4A42D8-FBB6-4568-8ADD-B40B57C82327}.Debug|Any CPU.Build.0 = Debug|Any CPU
		{EB4A42D8-FBB6-4568-8ADD-B40B57C82327}.Release|Any CPU.ActiveCfg = Release|Any CPU
		{EB4A42D8-FBB6-4568-8ADD-B40B57C82327}.Release|Any CPU.Build.0 = Release|Any CPU
	EndGlobalSection
	GlobalSection(SolutionProperties) = preSolution
		HideSolutionNode = FALSE
	EndGlobalSection
EndGlobal
